// !$*UTF8*$!
{
	archiveVersion = 1;
	classes = {
	};
	objectVersion = 56;
	objects = {

/* Begin PBXBuildFile section */
		FCAACC872A587264008D6A55 /* ViewController.swift in Sources */ = {isa = PBXBuildFile; fileRef = FCAACC862A587264008D6A55 /* ViewController.swift */; };
		FCD4B48B2A5722EA009AC48C /* SceneDelegate.swift in Sources */ = {isa = PBXBuildFile; fileRef = FCD4B48A2A5722EA009AC48C /* SceneDelegate.swift */; };
		FCD4B49F2A57239E009AC48C /* Assets.xcassets in Resources */ = {isa = PBXBuildFile; fileRef = FCD4B49E2A57239D009AC48C /* Assets.xcassets */; };
		FCD4B4A12A5723B6009AC48C /* AppDelegate.swift in Sources */ = {isa = PBXBuildFile; fileRef = FCD4B4A02A5723B6009AC48C /* AppDelegate.swift */; };
		FCD4B4A52A572525009AC48C /* Main.storyboard in Resources */ = {isa = PBXBuildFile; fileRef = FCD4B4A42A572525009AC48C /* Main.storyboard */; };
		FCD4B4A72A572528009AC48C /* LaunchScreen.storyboard in Resources */ = {isa = PBXBuildFile; fileRef = FCD4B4A62A572528009AC48C /* LaunchScreen.storyboard */; };
		FCD4B4AB2A5727CD009AC48C /* OMSDK_Pubnativenet.xcframework in Frameworks */ = {isa = PBXBuildFile; fileRef = FCD4B4AA2A5727CD009AC48C /* OMSDK_Pubnativenet.xcframework */; };
		FCD4B4AC2A5727CD009AC48C /* OMSDK_Pubnativenet.xcframework in Embed Frameworks */ = {isa = PBXBuildFile; fileRef = FCD4B4AA2A5727CD009AC48C /* OMSDK_Pubnativenet.xcframework */; settings = {ATTRIBUTES = (CodeSignOnCopy, RemoveHeadersOnCopy, ); }; };
		FCD4B4AF2A5727F6009AC48C /* HyBid.xcframework in Frameworks */ = {isa = PBXBuildFile; fileRef = FCD4B4AE2A5727F6009AC48C /* HyBid.xcframework */; };
		FCD4B4B02A5727F6009AC48C /* HyBid.xcframework in Embed Frameworks */ = {isa = PBXBuildFile; fileRef = FCD4B4AE2A5727F6009AC48C /* HyBid.xcframework */; settings = {ATTRIBUTES = (CodeSignOnCopy, RemoveHeadersOnCopy, ); }; };
/* End PBXBuildFile section */

/* Begin PBXCopyFilesBuildPhase section */
		FCD4B4AD2A5727CD009AC48C /* Embed Frameworks */ = {
			isa = PBXCopyFilesBuildPhase;
			buildActionMask = 2147483647;
			dstPath = "";
			dstSubfolderSpec = 10;
			files = (
				FCD4B4B02A5727F6009AC48C /* HyBid.xcframework in Embed Frameworks */,
				FCD4B4AC2A5727CD009AC48C /* OMSDK_Pubnativenet.xcframework in Embed Frameworks */,
			);
			name = "Embed Frameworks";
			runOnlyForDeploymentPostprocessing = 0;
		};
/* End PBXCopyFilesBuildPhase section */

/* Begin PBXFileReference section */
		FCAACC862A587264008D6A55 /* ViewController.swift */ = {isa = PBXFileReference; lastKnownFileType = sourcecode.swift; path = ViewController.swift; sourceTree = "<group>"; };
		FCD4B4852A5722EA009AC48C /* VerveSEtest.app */ = {isa = PBXFileReference; explicitFileType = wrapper.application; includeInIndex = 0; path = VerveSEtest.app; sourceTree = BUILT_PRODUCTS_DIR; };
		FCD4B48A2A5722EA009AC48C /* SceneDelegate.swift */ = {isa = PBXFileReference; lastKnownFileType = sourcecode.swift; path = SceneDelegate.swift; sourceTree = "<group>"; };
		FCD4B4962A5722EB009AC48C /* Info.plist */ = {isa = PBXFileReference; lastKnownFileType = text.plist.xml; path = Info.plist; sourceTree = "<group>"; };
		FCD4B49E2A57239D009AC48C /* Assets.xcassets */ = {isa = PBXFileReference; lastKnownFileType = folder.assetcatalog; name = Assets.xcassets; path = "../../../../Downloads/Calculator-main/Assets.xcassets"; sourceTree = "<group>"; };
		FCD4B4A02A5723B6009AC48C /* AppDelegate.swift */ = {isa = PBXFileReference; fileEncoding = 4; lastKnownFileType = sourcecode.swift; name = AppDelegate.swift; path = "../../../../Downloads/Calculator-main/AppDelegate.swift"; sourceTree = "<group>"; };
		FCD4B4A42A572525009AC48C /* Main.storyboard */ = {isa = PBXFileReference; fileEncoding = 4; lastKnownFileType = file.storyboard; path = Main.storyboard; sourceTree = "<group>"; };
		FCD4B4A62A572528009AC48C /* LaunchScreen.storyboard */ = {isa = PBXFileReference; fileEncoding = 4; lastKnownFileType = file.storyboard; path = LaunchScreen.storyboard; sourceTree = "<group>"; };
		FCD4B4A92A5727A8009AC48C /* OMSDK_Pubnativenet */ = {isa = PBXFileReference; lastKnownFileType = folder; name = OMSDK_Pubnativenet; path = ../../../Downloads/HyBid.xcframework/OMSDK_Pubnativenet; sourceTree = "<group>"; };
		FCD4B4AA2A5727CD009AC48C /* OMSDK_Pubnativenet.xcframework */ = {isa = PBXFileReference; lastKnownFileType = wrapper.xcframework; name = OMSDK_Pubnativenet.xcframework; path = ../../../Downloads/HyBid.xcframework/OMSDK_Pubnativenet/OMSDK_Pubnativenet.xcframework; sourceTree = "<group>"; };
		FCD4B4AE2A5727F6009AC48C /* HyBid.xcframework */ = {isa = PBXFileReference; lastKnownFileType = wrapper.xcframework; name = HyBid.xcframework; path = ../../../Downloads/HyBid.xcframework/HyBid.xcframework; sourceTree = "<group>"; };
/* End PBXFileReference section */

/* Begin PBXFrameworksBuildPhase section */
		FCD4B4822A5722EA009AC48C /* Frameworks */ = {
			isa = PBXFrameworksBuildPhase;
			buildActionMask = 2147483647;
			files = (
				FCD4B4AF2A5727F6009AC48C /* HyBid.xcframework in Frameworks */,
				FCD4B4AB2A5727CD009AC48C /* OMSDK_Pubnativenet.xcframework in Frameworks */,
			);
			runOnlyForDeploymentPostprocessing = 0;
		};
/* End PBXFrameworksBuildPhase section */

/* Begin PBXGroup section */
		FCD4B47C2A5722EA009AC48C = {
			isa = PBXGroup;
			children = (
				FCD4B4872A5722EA009AC48C /* VerveSEtest */,
				FCD4B4862A5722EA009AC48C /* Products */,
				FCD4B4A82A5727A8009AC48C /* Frameworks */,
			);
			sourceTree = "<group>";
		};
		FCD4B4862A5722EA009AC48C /* Products */ = {
			isa = PBXGroup;
			children = (
				FCD4B4852A5722EA009AC48C /* VerveSEtest.app */,
			);
			name = Products;
			sourceTree = "<group>";
		};
		FCD4B4872A5722EA009AC48C /* VerveSEtest */ = {
			isa = PBXGroup;
			children = (
				FCD4B4A02A5723B6009AC48C /* AppDelegate.swift */,
				FCAACC862A587264008D6A55 /* ViewController.swift */,
				FCD4B48A2A5722EA009AC48C /* SceneDelegate.swift */,
				FCD4B4A42A572525009AC48C /* Main.storyboard */,
				FCD4B4A62A572528009AC48C /* LaunchScreen.storyboard */,
				FCD4B49E2A57239D009AC48C /* Assets.xcassets */,
				FCD4B4962A5722EB009AC48C /* Info.plist */,
			);
			path = VerveSEtest;
			sourceTree = "<group>";
		};
		FCD4B4A82A5727A8009AC48C /* Frameworks */ = {
			isa = PBXGroup;
			children = (
				FCD4B4AE2A5727F6009AC48C /* HyBid.xcframework */,
				FCD4B4AA2A5727CD009AC48C /* OMSDK_Pubnativenet.xcframework */,
				FCD4B4A92A5727A8009AC48C /* OMSDK_Pubnativenet */,
			);
			name = Frameworks;
			sourceTree = "<group>";
		};
/* End PBXGroup section */

/* Begin PBXNativeTarget section */
		FCD4B4842A5722EA009AC48C /* VerveSEtest */ = {
			isa = PBXNativeTarget;
			buildConfigurationList = FCD4B4992A5722EB009AC48C /* Build configuration list for PBXNativeTarget "VerveSEtest" */;
			buildPhases = (
				FCD4B4812A5722EA009AC48C /* Sources */,
				FCD4B4822A5722EA009AC48C /* Frameworks */,
				FCD4B4832A5722EA009AC48C /* Resources */,
				FCD4B4AD2A5727CD009AC48C /* Embed Frameworks */,
			);
			buildRules = (
			);
			dependencies = (
			);
			name = VerveSEtest;
			productName = VerveSEtest;
			productReference = FCD4B4852A5722EA009AC48C /* VerveSEtest.app */;
			productType = "com.apple.product-type.application";
		};
/* End PBXNativeTarget section */

/* Begin PBXProject section */
		FCD4B47D2A5722EA009AC48C /* Project object */ = {
			isa = PBXProject;
			attributes = {
				BuildIndependentTargetsInParallel = 1;
				LastSwiftUpdateCheck = 1430;
				LastUpgradeCheck = 1430;
				TargetAttributes = {
					FCD4B4842A5722EA009AC48C = {
						CreatedOnToolsVersion = 14.3.1;
					};
				};
			};
			buildConfigurationList = FCD4B4802A5722EA009AC48C /* Build configuration list for PBXProject "VerveSEtest" */;
			compatibilityVersion = "Xcode 14.0";
			developmentRegion = en;
			hasScannedForEncodings = 0;
			knownRegions = (
				en,
				Base,
			);
			mainGroup = FCD4B47C2A5722EA009AC48C;
			productRefGroup = FCD4B4862A5722EA009AC48C /* Products */;
			projectDirPath = "";
			projectRoot = "";
			targets = (
				FCD4B4842A5722EA009AC48C /* VerveSEtest */,
			);
		};
/* End PBXProject section */

/* Begin PBXResourcesBuildPhase section */
		FCD4B4832A5722EA009AC48C /* Resources */ = {
			isa = PBXResourcesBuildPhase;
			buildActionMask = 2147483647;
			files = (
				FCD4B49F2A57239E009AC48C /* Assets.xcassets in Resources */,
				FCD4B4A72A572528009AC48C /* LaunchScreen.storyboard in Resources */,
				FCD4B4A52A572525009AC48C /* Main.storyboard in Resources */,
			);
			runOnlyForDeploymentPostprocessing = 0;
		};
/* End PBXResourcesBuildPhase section */

/* Begin PBXSourcesBuildPhase section */
		FCD4B4812A5722EA009AC48C /* Sources */ = {
			isa = PBXSourcesBuildPhase;
			buildActionMask = 2147483647;
			files = (
				FCD4B4A12A5723B6009AC48C /* AppDelegate.swift in Sources */,
				FCD4B48B2A5722EA009AC48C /* SceneDelegate.swift in Sources */,
				FCAACC872A587264008D6A55 /* ViewController.swift in Sources */,
			);
			runOnlyForDeploymentPostprocessing = 0;
		};
/* End PBXSourcesBuildPhase section */

/* Begin XCBuildConfiguration section */
		FCD4B4972A5722EB009AC48C /* Debug */ = {
			isa = XCBuildConfiguration;
			buildSettings = {
				ALWAYS_SEARCH_USER_PATHS = NO;
				CLANG_ANALYZER_NONNULL = YES;
				CLANG_ANALYZER_NUMBER_OBJECT_CONVERSION = YES_AGGRESSIVE;
				CLANG_CXX_LANGUAGE_STANDARD = "gnu++20";
				CLANG_ENABLE_MODULES = YES;
				CLANG_ENABLE_OBJC_ARC = YES;
				CLANG_ENABLE_OBJC_WEAK = YES;
				CLANG_WARN_BLOCK_CAPTURE_AUTORELEASING = YES;
				CLANG_WARN_BOOL_CONVERSION = YES;
				CLANG_WARN_COMMA = YES;
				CLANG_WARN_CONSTANT_CONVERSION = YES;
				CLANG_WARN_DEPRECATED_OBJC_IMPLEMENTATIONS = YES;
				CLANG_WARN_DIRECT_OBJC_ISA_USAGE = YES_ERROR;
				CLANG_WARN_DOCUMENTATION_COMMENTS = YES;
				CLANG_WARN_EMPTY_BODY = YES;
				CLANG_WARN_ENUM_CONVERSION = YES;
				CLANG_WARN_INFINITE_RECURSION = YES;
				CLANG_WARN_INT_CONVERSION = YES;
				CLANG_WARN_NON_LITERAL_NULL_CONVERSION = YES;
				CLANG_WARN_OBJC_IMPLICIT_RETAIN_SELF = YES;
				CLANG_WARN_OBJC_LITERAL_CONVERSION = YES;
				CLANG_WARN_OBJC_ROOT_CLASS = YES_ERROR;
				CLANG_WARN_QUOTED_INCLUDE_IN_FRAMEWORK_HEADER = YES;
				CLANG_WARN_RANGE_LOOP_ANALYSIS = YES;
				CLANG_WARN_STRICT_PROTOTYPES = YES;
				CLANG_WARN_SUSPICIOUS_MOVE = YES;
				CLANG_WARN_UNGUARDED_AVAILABILITY = YES_AGGRESSIVE;
				CLANG_WARN_UNREACHABLE_CODE = YES;
				CLANG_WARN__DUPLICATE_METHOD_MATCH = YES;
				COPY_PHASE_STRIP = NO;
				DEBUG_INFORMATION_FORMAT = dwarf;
				ENABLE_STRICT_OBJC_MSGSEND = YES;
				ENABLE_TESTABILITY = YES;
				GCC_C_LANGUAGE_STANDARD = gnu11;
				GCC_DYNAMIC_NO_PIC = NO;
				GCC_NO_COMMON_BLOCKS = YES;
				GCC_OPTIMIZATION_LEVEL = 0;
				GCC_PREPROCESSOR_DEFINITIONS = (
					"DEBUG=1",
					"$(inherited)",
				);
				GCC_WARN_64_TO_32_BIT_CONVERSION = YES;
				GCC_WARN_ABOUT_RETURN_TYPE = YES_ERROR;
				GCC_WARN_UNDECLARED_SELECTOR = YES;
				GCC_WARN_UNINITIALIZED_AUTOS = YES_AGGRESSIVE;
				GCC_WARN_UNUSED_FUNCTION = YES;
				GCC_WARN_UNUSED_VARIABLE = YES;
				IPHONEOS_DEPLOYMENT_TARGET = 16.4;
				MTL_ENABLE_DEBUG_INFO = INCLUDE_SOURCE;
				MTL_FAST_MATH = YES;
				ONLY_ACTIVE_ARCH = YES;
				SDKROOT = iphoneos;
				SWIFT_ACTIVE_COMPILATION_CONDITIONS = DEBUG;
				SWIFT_OPTIMIZATION_LEVEL = "-Onone";
			};
			name = Debug;
		};
		FCD4B4982A5722EB009AC48C /* Release */ = {
			isa = XCBuildConfiguration;
			buildSettings = {
				ALWAYS_SEARCH_USER_PATHS = NO;
				CLANG_ANALYZER_NONNULL = YES;
				CLANG_ANALYZER_NUMBER_OBJECT_CONVERSION = YES_AGGRESSIVE;
				CLANG_CXX_LANGUAGE_STANDARD = "gnu++20";
				CLANG_ENABLE_MODULES = YES;
				CLANG_ENABLE_OBJC_ARC = YES;
				CLANG_ENABLE_OBJC_WEAK = YES;
				CLANG_WARN_BLOCK_CAPTURE_AUTORELEASING = YES;
				CLANG_WARN_BOOL_CONVERSION = YES;
				CLANG_WARN_COMMA = YES;
				CLANG_WARN_CONSTANT_CONVERSION = YES;
				CLANG_WARN_DEPRECATED_OBJC_IMPLEMENTATIONS = YES;
				CLANG_WARN_DIRECT_OBJC_ISA_USAGE = YES_ERROR;
				CLANG_WARN_DOCUMENTATION_COMMENTS = YES;
				CLANG_WARN_EMPTY_BODY = YES;
				CLANG_WARN_ENUM_CONVERSION = YES;
				CLANG_WARN_INFINITE_RECURSION = YES;
				CLANG_WARN_INT_CONVERSION = YES;
				CLANG_WARN_NON_LITERAL_NULL_CONVERSION = YES;
				CLANG_WARN_OBJC_IMPLICIT_RETAIN_SELF = YES;
				CLANG_WARN_OBJC_LITERAL_CONVERSION = YES;
				CLANG_WARN_OBJC_ROOT_CLASS = YES_ERROR;
				CLANG_WARN_QUOTED_INCLUDE_IN_FRAMEWORK_HEADER = YES;
				CLANG_WARN_RANGE_LOOP_ANALYSIS = YES;
				CLANG_WARN_STRICT_PROTOTYPES = YES;
				CLANG_WARN_SUSPICIOUS_MOVE = YES;
				CLANG_WARN_UNGUARDED_AVAILABILITY = YES_AGGRESSIVE;
				CLANG_WARN_UNREACHABLE_CODE = YES;
				CLANG_WARN__DUPLICATE_METHOD_MATCH = YES;
				COPY_PHASE_STRIP = NO;
				DEBUG_INFORMATION_FORMAT = "dwarf-with-dsym";
				ENABLE_NS_ASSERTIONS = NO;
				ENABLE_STRICT_OBJC_MSGSEND = YES;
				GCC_C_LANGUAGE_STANDARD = gnu11;
				GCC_NO_COMMON_BLOCKS = YES;
				GCC_WARN_64_TO_32_BIT_CONVERSION = YES;
				GCC_WARN_ABOUT_RETURN_TYPE = YES_ERROR;
				GCC_WARN_UNDECLARED_SELECTOR = YES;
				GCC_WARN_UNINITIALIZED_AUTOS = YES_AGGRESSIVE;
				GCC_WARN_UNUSED_FUNCTION = YES;
				GCC_WARN_UNUSED_VARIABLE = YES;
				IPHONEOS_DEPLOYMENT_TARGET = 16.4;
				MTL_ENABLE_DEBUG_INFO = NO;
				MTL_FAST_MATH = YES;
				SDKROOT = iphoneos;
				SWIFT_COMPILATION_MODE = wholemodule;
				SWIFT_OPTIMIZATION_LEVEL = "-O";
				VALIDATE_PRODUCT = YES;
			};
			name = Release;
		};
		FCD4B49A2A5722EB009AC48C /* Debug */ = {
			isa = XCBuildConfiguration;
			buildSettings = {
				ASSETCATALOG_COMPILER_APPICON_NAME = AppIcon;
				ASSETCATALOG_COMPILER_GLOBAL_ACCENT_COLOR_NAME = AccentColor;
				CODE_SIGN_STYLE = Automatic;
				CURRENT_PROJECT_VERSION = 1;
				DEVELOPMENT_TEAM = JBD659732Q;
				GENERATE_INFOPLIST_FILE = YES;
				INFOPLIST_FILE = VerveSEtest/Info.plist;
				INFOPLIST_KEY_UIApplicationSupportsIndirectInputEvents = YES;
				INFOPLIST_KEY_UILaunchStoryboardName = LaunchScreen;
				INFOPLIST_KEY_UIMainStoryboardFile = Main;
				INFOPLIST_KEY_UISupportedInterfaceOrientations_iPad = "UIInterfaceOrientationPortrait UIInterfaceOrientationPortraitUpsideDown UIInterfaceOrientationLandscapeLeft UIInterfaceOrientationLandscapeRight";
				INFOPLIST_KEY_UISupportedInterfaceOrientations_iPhone = "UIInterfaceOrientationPortrait UIInterfaceOrientationLandscapeLeft UIInterfaceOrientationLandscapeRight";
				LD_RUNPATH_SEARCH_PATHS = (
					"$(inherited)",
					"@executable_path/Frameworks",
				);
				MARKETING_VERSION = 1.0;
				PRODUCT_BUNDLE_IDENTIFIER = io.VerveSEtest;
				PRODUCT_NAME = "$(TARGET_NAME)";
				SWIFT_EMIT_LOC_STRINGS = YES;
				SWIFT_VERSION = 5.0;
				TARGETED_DEVICE_FAMILY = "1,2";
			};
			name = Debug;
		};
		FCD4B49B2A5722EB009AC48C /* Release */ = {
			isa = XCBuildConfiguration;
			buildSettings = {
				ASSETCATALOG_COMPILER_APPICON_NAME = AppIcon;
				ASSETCATALOG_COMPILER_GLOBAL_ACCENT_COLOR_NAME = AccentColor;
				CODE_SIGN_STYLE = Automatic;
				CURRENT_PROJECT_VERSION = 1;
				DEVELOPMENT_TEAM = JBD659732Q;
				GENERATE_INFOPLIST_FILE = YES;
				INFOPLIST_FILE = VerveSEtest/Info.plist;
				INFOPLIST_KEY_UIApplicationSupportsIndirectInputEvents = YES;
				INFOPLIST_KEY_UILaunchStoryboardName = LaunchScreen;
				INFOPLIST_KEY_UIMainStoryboardFile = Main;
				INFOPLIST_KEY_UISupportedInterfaceOrientations_iPad = "UIInterfaceOrientationPortrait UIInterfaceOrientationPortraitUpsideDown UIInterfaceOrientationLandscapeLeft UIInterfaceOrientationLandscapeRight";
				INFOPLIST_KEY_UISupportedInterfaceOrientations_iPhone = "UIInterfaceOrientationPortrait UIInterfaceOrientationLandscapeLeft UIInterfaceOrientationLandscapeRight";
				LD_RUNPATH_SEARCH_PATHS = (
					"$(inherited)",
					"@executable_path/Frameworks",
				);
				MARKETING_VERSION = 1.0;
				PRODUCT_BUNDLE_IDENTIFIER = io.VerveSEtest;
				PRODUCT_NAME = "$(TARGET_NAME)";
				SWIFT_EMIT_LOC_STRINGS = YES;
				SWIFT_VERSION = 5.0;
				TARGETED_DEVICE_FAMILY = "1,2";
			};
			name = Release;
		};
/* End XCBuildConfiguration section */

/* Begin XCConfigurationList section */
		FCD4B4802A5722EA009AC48C /* Build configuration list for PBXProject "VerveSEtest" */ = {
			isa = XCConfigurationList;
			buildConfigurations = (
				FCD4B4972A5722EB009AC48C /* Debug */,
				FCD4B4982A5722EB009AC48C /* Release */,
			);
			defaultConfigurationIsVisible = 0;
			defaultConfigurationName = Release;
		};
		FCD4B4992A5722EB009AC48C /* Build configuration list for PBXNativeTarget "VerveSEtest" */ = {
			isa = XCConfigurationList;
			buildConfigurations = (
				FCD4B49A2A5722EB009AC48C /* Debug */,
				FCD4B49B2A5722EB009AC48C /* Release */,
			);
			defaultConfigurationIsVisible = 0;
			defaultConfigurationName = Release;
		};
/* End XCConfigurationList section */
	};
	rootObject = FCD4B47D2A5722EA009AC48C /* Project object */;
}
